
Microsoft Visual Studio Solution File, Format Version 12.00
# Visual Studio Version 17
VisualStudioVersion = 17.7.34202.233
MinimumVisualStudioVersion = 10.0.40219.1
Project("{FAE04EC0-301F-11D3-BF4B-00C04F79EFBC}") = "wProveedores", "wProveedores\wProveedores.csproj", "{759B899B-6619-4819-AA28-39B17E4042A6}"
EndProject
Global
	GlobalSection(SolutionConfigurationPlatforms) = preSolution
		Debug|Any CPU = Debug|Any CPU
		Release|Any CPU = Release|Any CPU
	EndGlobalSection
	GlobalSection(ProjectConfigurationPlatforms) = postSolution
		{759B899B-6619-4819-AA28-39B17E4042A6}.Debug|Any CPU.ActiveCfg = Debug|Any CPU
		{759B899B-6619-4819-AA28-39B17E4042A6}.Debug|Any CPU.Build.0 = Debug|Any CPU
		{759B899B-6619-4819-AA28-39B17E4042A6}.Release|Any CPU.ActiveCfg = Release|Any CPU
		{759B899B-6619-4819-AA28-39B17E4042A6}.Release|Any CPU.Build.0 = Release|Any CPU
	EndGlobalSection
	GlobalSection(SolutionProperties) = preSolution
		HideSolutionNode = FALSE
	EndGlobalSection
	GlobalSection(ExtensibilityGlobals) = postSolution
		SolutionGuid = {30AB5F66-3515-4B05-94AE-4C9772F5FCA8}
	EndGlobalSection
EndGlobal
